
Microsoft Visual Studio Solution File, Format Version 12.00
# Visual Studio 14
VisualStudioVersion = 14.0.24720.0
MinimumVisualStudioVersion = 10.0.40219.1
Project("{2150E333-8FDC-42A3-9474-1A3956D46DE8}") = "Basic", "Basic", "{81C25810-BA7F-4DA8-8671-9C53CB89244C}"
EndProject
Project("{FAE04EC0-301F-11D3-BF4B-00C04F79EFBC}") = "OpcServer", "Package\CS\Server\OpcServer.csproj", "{F98B0C0D-CEFD-412E-A79B-B34E66CF34E9}"
EndProject
Global
	GlobalSection(SolutionConfigurationPlatforms) = preSolution
		Debug|Any CPU = Debug|Any CPU
		Release|Any CPU = Release|Any CPU
	EndGlobalSection
	GlobalSection(ProjectConfigurationPlatforms) = postSolution
		{F98B0C0D-CEFD-412E-A79B-B34E66CF34E9}.Debug|Any CPU.ActiveCfg = Debug|Any CPU
		{F98B0C0D-CEFD-412E-A79B-B34E66CF34E9}.Debug|Any CPU.Build.0 = Debug|Any CPU
		{F98B0C0D-CEFD-412E-A79B-B34E66CF34E9}.Release|Any CPU.ActiveCfg = Release|Any CPU
		{F98B0C0D-CEFD-412E-A79B-B34E66CF34E9}.Release|Any CPU.Build.0 = Release|Any CPU
	EndGlobalSection
	GlobalSection(SolutionProperties) = preSolution
		HideSolutionNode = FALSE
	EndGlobalSection
	GlobalSection(NestedProjects) = preSolution
		{F98B0C0D-CEFD-412E-A79B-B34E66CF34E9} = {81C25810-BA7F-4DA8-8671-9C53CB89244C}
	EndGlobalSection
EndGlobal
